
Microsoft Visual Studio Solution File, Format Version 12.00
# Visual Studio Version 17
VisualStudioVersion = 17.14.36518.9 d17.14
MinimumVisualStudioVersion = 10.0.40219.1
Project("{FAE04EC0-301F-11D3-BF4B-00C04F79EFBC}") = "sca_backend", "sca_backend.csproj", "{A597A61A-428F-445B-A487-34C52AFEA645}"
EndProject
Global
	GlobalSection(SolutionConfigurationPlatforms) = preSolution
		Debug|Any CPU = Debug|Any CPU
		Release|Any CPU = Release|Any CPU
	EndGlobalSection
	GlobalSection(ProjectConfigurationPlatforms) = postSolution
		{A597A61A-428F-445B-A487-34C52AFEA645}.Debug|Any CPU.ActiveCfg = Debug|Any CPU
		{A597A61A-428F-445B-A487-34C52AFEA645}.Debug|Any CPU.Build.0 = Debug|Any CPU
		{A597A61A-428F-445B-A487-34C52AFEA645}.Release|Any CPU.ActiveCfg = Release|Any CPU
		{A597A61A-428F-445B-A487-34C52AFEA645}.Release|Any CPU.Build.0 = Release|Any CPU
	EndGlobalSection
	GlobalSection(SolutionProperties) = preSolution
		HideSolutionNode = FALSE
	EndGlobalSection
	GlobalSection(ExtensibilityGlobals) = postSolution
		SolutionGuid = {6C476491-5C7B-44F1-937E-57A168683A62}
	EndGlobalSection
EndGlobal
